// !$*UTF8*$!
{
	archiveVersion = 1;
	classes = {
	};
	objectVersion = 46;
	objects = {

/* Begin PBXBuildFile section */
		0158CE531DBB50EC00E8E90C /* sprites in Resources */ = {isa = PBXBuildFile; fileRef = 0158CE521DBB50EB00E8E90C /* sprites */; };
		018384611D867A5200BAD87A /* AppDelegate.swift in Sources */ = {isa = PBXBuildFile; fileRef = 018384601D867A5200BAD87A /* AppDelegate.swift */; };
		018384631D867A5200BAD87A /* GameScene.sks in Resources */ = {isa = PBXBuildFile; fileRef = 018384621D867A5200BAD87A /* GameScene.sks */; };
		018384651D867A5200BAD87A /* GameScene.swift in Sources */ = {isa = PBXBuildFile; fileRef = 018384641D867A5200BAD87A /* GameScene.swift */; };
		018384671D867A5200BAD87A /* GameViewController.swift in Sources */ = {isa = PBXBuildFile; fileRef = 018384661D867A5200BAD87A /* GameViewController.swift */; };
		0183846A1D867A5200BAD87A /* Main.storyboard in Resources */ = {isa = PBXBuildFile; fileRef = 018384681D867A5200BAD87A /* Main.storyboard */; };
		0183846C1D867A5200BAD87A /* Assets.xcassets in Resources */ = {isa = PBXBuildFile; fileRef = 0183846B1D867A5200BAD87A /* Assets.xcassets */; };
		0183846F1D867A5200BAD87A /* LaunchScreen.storyboard in Resources */ = {isa = PBXBuildFile; fileRef = 0183846D1D867A5200BAD87A /* LaunchScreen.storyboard */; };
		0183847A1D867A5200BAD87A /* SpaceGameTests.swift in Sources */ = {isa = PBXBuildFile; fileRef = 018384791D867A5200BAD87A /* SpaceGameTests.swift */; };
		018384851D867A5200BAD87A /* SpaceGameUITests.swift in Sources */ = {isa = PBXBuildFile; fileRef = 018384841D867A5200BAD87A /* SpaceGameUITests.swift */; };
		01DAA2BF1DBB5D0300D341C0 /* squid.atlas in Resources */ = {isa = PBXBuildFile; fileRef = 01DAA2BE1DBB5D0300D341C0 /* squid.atlas */; };
/* End PBXBuildFile section */

/* Begin PBXContainerItemProxy section */
		018384761D867A5200BAD87A /* PBXContainerItemProxy */ = {
			isa = PBXContainerItemProxy;
			containerPortal = 018384551D867A5200BAD87A /* Project object */;
			proxyType = 1;
			remoteGlobalIDString = 0183845C1D867A5200BAD87A;
			remoteInfo = SpaceGame;
		};
		018384811D867A5200BAD87A /* PBXContainerItemProxy */ = {
			isa = PBXContainerItemProxy;
			containerPortal = 018384551D867A5200BAD87A /* Project object */;
			proxyType = 1;
			remoteGlobalIDString = 0183845C1D867A5200BAD87A;
			remoteInfo = SpaceGame;
		};
/* End PBXContainerItemProxy section */

/* Begin PBXFileReference section */
		0158CE521DBB50EB00E8E90C /* sprites */ = {isa = PBXFileReference; lastKnownFileType = folder; path = sprites; sourceTree = "<group>"; };
		0183845D1D867A5200BAD87A /* SpaceGame.app */ = {isa = PBXFileReference; explicitFileType = wrapper.application; includeInIndex = 0; path = SpaceGame.app; sourceTree = BUILT_PRODUCTS_DIR; };
		018384601D867A5200BAD87A /* AppDelegate.swift */ = {isa = PBXFileReference; lastKnownFileType = sourcecode.swift; path = AppDelegate.swift; sourceTree = "<group>"; };
		018384621D867A5200BAD87A /* GameScene.sks */ = {isa = PBXFileReference; lastKnownFileType = file.sks; path = GameScene.sks; sourceTree = "<group>"; };
		018384641D867A5200BAD87A /* GameScene.swift */ = {isa = PBXFileReference; lastKnownFileType = sourcecode.swift; path = GameScene.swift; sourceTree = "<group>"; };
		018384661D867A5200BAD87A /* GameViewController.swift */ = {isa = PBXFileReference; lastKnownFileType = sourcecode.swift; path = GameViewController.swift; sourceTree = "<group>"; };
		018384691D867A5200BAD87A /* Base */ = {isa = PBXFileReference; lastKnownFileType = file.storyboard; name = Base; path = Base.lproj/Main.storyboard; sourceTree = "<group>"; };
		0183846B1D867A5200BAD87A /* Assets.xcassets */ = {isa = PBXFileReference; lastKnownFileType = folder.assetcatalog; path = Assets.xcassets; sourceTree = "<group>"; };
		0183846E1D867A5200BAD87A /* Base */ = {isa = PBXFileReference; lastKnownFileType = file.storyboard; name = Base; path = Base.lproj/LaunchScreen.storyboard; sourceTree = "<group>"; };
		018384701D867A5200BAD87A /* Info.plist */ = {isa = PBXFileReference; lastKnownFileType = text.plist.xml; path = Info.plist; sourceTree = "<group>"; };
		018384751D867A5200BAD87A /* SpaceGameTests.xctest */ = {isa = PBXFileReference; explicitFileType = wrapper.cfbundle; includeInIndex = 0; path = SpaceGameTests.xctest; sourceTree = BUILT_PRODUCTS_DIR; };
		018384791D867A5200BAD87A /* SpaceGameTests.swift */ = {isa = PBXFileReference; lastKnownFileType = sourcecode.swift; path = SpaceGameTests.swift; sourceTree = "<group>"; };
		0183847B1D867A5200BAD87A /* Info.plist */ = {isa = PBXFileReference; lastKnownFileType = text.plist.xml; path = Info.plist; sourceTree = "<group>"; };
		018384801D867A5200BAD87A /* SpaceGameUITests.xctest */ = {isa = PBXFileReference; explicitFileType = wrapper.cfbundle; includeInIndex = 0; path = SpaceGameUITests.xctest; sourceTree = BUILT_PRODUCTS_DIR; };
		018384841D867A5200BAD87A /* SpaceGameUITests.swift */ = {isa = PBXFileReference; lastKnownFileType = sourcecode.swift; path = SpaceGameUITests.swift; sourceTree = "<group>"; };
		018384861D867A5200BAD87A /* Info.plist */ = {isa = PBXFileReference; lastKnownFileType = text.plist.xml; path = Info.plist; sourceTree = "<group>"; };
		01DAA2BE1DBB5D0300D341C0 /* squid.atlas */ = {isa = PBXFileReference; lastKnownFileType = folder.skatlas; path = squid.atlas; sourceTree = "<group>"; };
/* End PBXFileReference section */

/* Begin PBXFrameworksBuildPhase section */
		0183845A1D867A5200BAD87A /* Frameworks */ = {
			isa = PBXFrameworksBuildPhase;
			buildActionMask = 2147483647;
			files = (
			);
			runOnlyForDeploymentPostprocessing = 0;
		};
		018384721D867A5200BAD87A /* Frameworks */ = {
			isa = PBXFrameworksBuildPhase;
			buildActionMask = 2147483647;
			files = (
			);
			runOnlyForDeploymentPostprocessing = 0;
		};
		0183847D1D867A5200BAD87A /* Frameworks */ = {
			isa = PBXFrameworksBuildPhase;
			buildActionMask = 2147483647;
			files = (
			);
			runOnlyForDeploymentPostprocessing = 0;
		};
/* End PBXFrameworksBuildPhase section */

/* Begin PBXGroup section */
		018384541D867A5200BAD87A = {
			isa = PBXGroup;
			children = (
				0183845F1D867A5200BAD87A /* SpaceGame */,
				018384781D867A5200BAD87A /* SpaceGameTests */,
				018384831D867A5200BAD87A /* SpaceGameUITests */,
				0183845E1D867A5200BAD87A /* Products */,
			);
			sourceTree = "<group>";
		};
		0183845E1D867A5200BAD87A /* Products */ = {
			isa = PBXGroup;
			children = (
				0183845D1D867A5200BAD87A /* SpaceGame.app */,
				018384751D867A5200BAD87A /* SpaceGameTests.xctest */,
				018384801D867A5200BAD87A /* SpaceGameUITests.xctest */,
			);
			name = Products;
			sourceTree = "<group>";
		};
		0183845F1D867A5200BAD87A /* SpaceGame */ = {
			isa = PBXGroup;
			children = (
				018384601D867A5200BAD87A /* AppDelegate.swift */,
				018384621D867A5200BAD87A /* GameScene.sks */,
				018384641D867A5200BAD87A /* GameScene.swift */,
				018384661D867A5200BAD87A /* GameViewController.swift */,
				018384681D867A5200BAD87A /* Main.storyboard */,
				01DAA2BE1DBB5D0300D341C0 /* squid.atlas */,
				0183846B1D867A5200BAD87A /* Assets.xcassets */,
				0183846D1D867A5200BAD87A /* LaunchScreen.storyboard */,
				0158CE521DBB50EB00E8E90C /* sprites */,
				018384701D867A5200BAD87A /* Info.plist */,
			);
			path = SpaceGame;
			sourceTree = "<group>";
		};
		018384781D867A5200BAD87A /* SpaceGameTests */ = {
			isa = PBXGroup;
			children = (
				018384791D867A5200BAD87A /* SpaceGameTests.swift */,
				0183847B1D867A5200BAD87A /* Info.plist */,
			);
			path = SpaceGameTests;
			sourceTree = "<group>";
		};
		018384831D867A5200BAD87A /* SpaceGameUITests */ = {
			isa = PBXGroup;
			children = (
				018384841D867A5200BAD87A /* SpaceGameUITests.swift */,
				018384861D867A5200BAD87A /* Info.plist */,
			);
			path = SpaceGameUITests;
			sourceTree = "<group>";
		};
/* End PBXGroup section */

/* Begin PBXNativeTarget section */
		0183845C1D867A5200BAD87A /* SpaceGame */ = {
			isa = PBXNativeTarget;
			buildConfigurationList = 018384891D867A5200BAD87A /* Build configuration list for PBXNativeTarget "SpaceGame" */;
			buildPhases = (
				018384591D867A5200BAD87A /* Sources */,
				0183845A1D867A5200BAD87A /* Frameworks */,
				0183845B1D867A5200BAD87A /* Resources */,
			);
			buildRules = (
			);
			dependencies = (
			);
			name = SpaceGame;
			productName = SpaceGame;
			productReference = 0183845D1D867A5200BAD87A /* SpaceGame.app */;
			productType = "com.apple.product-type.application";
		};
		018384741D867A5200BAD87A /* SpaceGameTests */ = {
			isa = PBXNativeTarget;
			buildConfigurationList = 0183848C1D867A5200BAD87A /* Build configuration list for PBXNativeTarget "SpaceGameTests" */;
			buildPhases = (
				018384711D867A5200BAD87A /* Sources */,
				018384721D867A5200BAD87A /* Frameworks */,
				018384731D867A5200BAD87A /* Resources */,
			);
			buildRules = (
			);
			dependencies = (
				018384771D867A5200BAD87A /* PBXTargetDependency */,
			);
			name = SpaceGameTests;
			productName = SpaceGameTests;
			productReference = 018384751D867A5200BAD87A /* SpaceGameTests.xctest */;
			productType = "com.apple.product-type.bundle.unit-test";
		};
		0183847F1D867A5200BAD87A /* SpaceGameUITests */ = {
			isa = PBXNativeTarget;
			buildConfigurationList = 0183848F1D867A5200BAD87A /* Build configuration list for PBXNativeTarget "SpaceGameUITests" */;
			buildPhases = (
				0183847C1D867A5200BAD87A /* Sources */,
				0183847D1D867A5200BAD87A /* Frameworks */,
				0183847E1D867A5200BAD87A /* Resources */,
			);
			buildRules = (
			);
			dependencies = (
				018384821D867A5200BAD87A /* PBXTargetDependency */,
			);
			name = SpaceGameUITests;
			productName = SpaceGameUITests;
			productReference = 018384801D867A5200BAD87A /* SpaceGameUITests.xctest */;
			productType = "com.apple.product-type.bundle.ui-testing";
		};
/* End PBXNativeTarget section */

/* Begin PBXProject section */
		018384551D867A5200BAD87A /* Project object */ = {
			isa = PBXProject;
			attributes = {
				LastSwiftUpdateCheck = 0730;
				LastUpgradeCheck = 0730;
				ORGANIZATIONNAME = "Brandon  Pearson ";
				TargetAttributes = {
					0183845C1D867A5200BAD87A = {
						CreatedOnToolsVersion = 7.3.1;
						DevelopmentTeam = Z8VNMGSA8E;
					};
					018384741D867A5200BAD87A = {
						CreatedOnToolsVersion = 7.3.1;
						TestTargetID = 0183845C1D867A5200BAD87A;
					};
					0183847F1D867A5200BAD87A = {
						CreatedOnToolsVersion = 7.3.1;
						TestTargetID = 0183845C1D867A5200BAD87A;
					};
				};
			};
			buildConfigurationList = 018384581D867A5200BAD87A /* Build configuration list for PBXProject "SpaceGame" */;
			compatibilityVersion = "Xcode 3.2";
			developmentRegion = English;
			hasScannedForEncodings = 0;
			knownRegions = (
				en,
				Base,
			);
			mainGroup = 018384541D867A5200BAD87A;
			productRefGroup = 0183845E1D867A5200BAD87A /* Products */;
			projectDirPath = "";
			projectRoot = "";
			targets = (
				0183845C1D867A5200BAD87A /* SpaceGame */,
				018384741D867A5200BAD87A /* SpaceGameTests */,
				0183847F1D867A5200BAD87A /* SpaceGameUITests */,
			);
		};
/* End PBXProject section */

/* Begin PBXResourcesBuildPhase section */
		0183845B1D867A5200BAD87A /* Resources */ = {
			isa = PBXResourcesBuildPhase;
			buildActionMask = 2147483647;
			files = (
				018384631D867A5200BAD87A /* GameScene.sks in Resources */,
				0183846F1D867A5200BAD87A /* LaunchScreen.storyboard in Resources */,
				01DAA2BF1DBB5D0300D341C0 /* squid.atlas in Resources */,
				0158CE531DBB50EC00E8E90C /* sprites in Resources */,
				0183846C1D867A5200BAD87A /* Assets.xcassets in Resources */,
				0183846A1D867A5200BAD87A /* Main.storyboard in Resources */,
			);
			runOnlyForDeploymentPostprocessing = 0;
		};
		018384731D867A5200BAD87A /* Resources */ = {
			isa = PBXResourcesBuildPhase;
			buildActionMask = 2147483647;
			files = (
			);
			runOnlyForDeploymentPostprocessing = 0;
		};
		0183847E1D867A5200BAD87A /* Resources */ = {
			isa = PBXResourcesBuildPhase;
			buildActionMask = 2147483647;
			files = (
			);
			runOnlyForDeploymentPostprocessing = 0;
		};
/* End PBXResourcesBuildPhase section */

/* Begin PBXSourcesBuildPhase section */
		018384591D867A5200BAD87A /* Sources */ = {
			isa = PBXSourcesBuildPhase;
			buildActionMask = 2147483647;
			files = (
				018384651D867A5200BAD87A /* GameScene.swift in Sources */,
				018384671D867A5200BAD87A /* GameViewController.swift in Sources */,
				018384611D867A5200BAD87A /* AppDelegate.swift in Sources */,
			);
			runOnlyForDeploymentPostprocessing = 0;
		};
		018384711D867A5200BAD87A /* Sources */ = {
			isa = PBXSourcesBuildPhase;
			buildActionMask = 2147483647;
			files = (
				0183847A1D867A5200BAD87A /* SpaceGameTests.swift in Sources */,
			);
			runOnlyForDeploymentPostprocessing = 0;
		};
		0183847C1D867A5200BAD87A /* Sources */ = {
			isa = PBXSourcesBuildPhase;
			buildActionMask = 2147483647;
			files = (
				018384851D867A5200BAD87A /* SpaceGameUITests.swift in Sources */,
			);
			runOnlyForDeploymentPostprocessing = 0;
		};
/* End PBXSourcesBuildPhase section */

/* Begin PBXTargetDependency section */
		018384771D867A5200BAD87A /* PBXTargetDependency */ = {
			isa = PBXTargetDependency;
			target = 0183845C1D867A5200BAD87A /* SpaceGame */;
			targetProxy = 018384761D867A5200BAD87A /* PBXContainerItemProxy */;
		};
		018384821D867A5200BAD87A /* PBXTargetDependency */ = {
			isa = PBXTargetDependency;
			target = 0183845C1D867A5200BAD87A /* SpaceGame */;
			targetProxy = 018384811D867A5200BAD87A /* PBXContainerItemProxy */;
		};
/* End PBXTargetDependency section */

/* Begin PBXVariantGroup section */
		018384681D867A5200BAD87A /* Main.storyboard */ = {
			isa = PBXVariantGroup;
			children = (
				018384691D867A5200BAD87A /* Base */,
			);
			name = Main.storyboard;
			sourceTree = "<group>";
		};
		0183846D1D867A5200BAD87A /* LaunchScreen.storyboard */ = {
			isa = PBXVariantGroup;
			children = (
				0183846E1D867A5200BAD87A /* Base */,
			);
			name = LaunchScreen.storyboard;
			sourceTree = "<group>";
		};
/* End PBXVariantGroup section */

/* Begin XCBuildConfiguration section */
		018384871D867A5200BAD87A /* Debug */ = {
			isa = XCBuildConfiguration;
			buildSettings = {
				ALWAYS_SEARCH_USER_PATHS = NO;
				CLANG_ANALYZER_NONNULL = YES;
				CLANG_CXX_LANGUAGE_STANDARD = "gnu++0x";
				CLANG_CXX_LIBRARY = "libc++";
				CLANG_ENABLE_MODULES = YES;
				CLANG_ENABLE_OBJC_ARC = YES;
				CLANG_WARN_BOOL_CONVERSION = YES;
				CLANG_WARN_CONSTANT_CONVERSION = YES;
				CLANG_WARN_DIRECT_OBJC_ISA_USAGE = YES_ERROR;
				CLANG_WARN_EMPTY_BODY = YES;
				CLANG_WARN_ENUM_CONVERSION = YES;
				CLANG_WARN_INT_CONVERSION = YES;
				CLANG_WARN_OBJC_ROOT_CLASS = YES_ERROR;
				CLANG_WARN_UNREACHABLE_CODE = YES;
				CLANG_WARN__DUPLICATE_METHOD_MATCH = YES;
				"CODE_SIGN_IDENTITY[sdk=iphoneos*]" = "iPhone Developer";
				COPY_PHASE_STRIP = NO;
				DEBUG_INFORMATION_FORMAT = "dwarf-with-dsym";
				ENABLE_STRICT_OBJC_MSGSEND = YES;
				ENABLE_TESTABILITY = YES;
				GCC_C_LANGUAGE_STANDARD = gnu99;
				GCC_DYNAMIC_NO_PIC = NO;
				GCC_NO_COMMON_BLOCKS = YES;
				GCC_OPTIMIZATION_LEVEL = 0;
				GCC_PREPROCESSOR_DEFINITIONS = (
					"DEBUG=1",
					"$(inherited)",
				);
				GCC_WARN_64_TO_32_BIT_CONVERSION = YES;
				GCC_WARN_ABOUT_RETURN_TYPE = YES_ERROR;
				GCC_WARN_UNDECLARED_SELECTOR = YES;
				GCC_WARN_UNINITIALIZED_AUTOS = YES_AGGRESSIVE;
				GCC_WARN_UNUSED_FUNCTION = YES;
				GCC_WARN_UNUSED_VARIABLE = YES;
				IPHONEOS_DEPLOYMENT_TARGET = 9.3;
				MTL_ENABLE_DEBUG_INFO = YES;
				ONLY_ACTIVE_ARCH = YES;
				SDKROOT = iphoneos;
				SWIFT_OPTIMIZATION_LEVEL = "-Onone";
			};
			name = Debug;
		};
		018384881D867A5200BAD87A /* Release */ = {
			isa = XCBuildConfiguration;
			buildSettings = {
				ALWAYS_SEARCH_USER_PATHS = NO;
				CLANG_ANALYZER_NONNULL = YES;
				CLANG_CXX_LANGUAGE_STANDARD = "gnu++0x";
				CLANG_CXX_LIBRARY = "libc++";
				CLANG_ENABLE_MODULES = YES;
				CLANG_ENABLE_OBJC_ARC = YES;
				CLANG_WARN_BOOL_CONVERSION = YES;
				CLANG_WARN_CONSTANT_CONVERSION = YES;
				CLANG_WARN_DIRECT_OBJC_ISA_USAGE = YES_ERROR;
				CLANG_WARN_EMPTY_BODY = YES;
				CLANG_WARN_ENUM_CONVERSION = YES;
				CLANG_WARN_INT_CONVERSION = YES;
				CLANG_WARN_OBJC_ROOT_CLASS = YES_ERROR;
				CLANG_WARN_UNREACHABLE_CODE = YES;
				CLANG_WARN__DUPLICATE_METHOD_MATCH = YES;
				"CODE_SIGN_IDENTITY[sdk=iphoneos*]" = "iPhone Developer";
				COPY_PHASE_STRIP = NO;
				DEBUG_INFORMATION_FORMAT = "dwarf-with-dsym";
				ENABLE_NS_ASSERTIONS = NO;
				ENABLE_STRICT_OBJC_MSGSEND = YES;
				GCC_C_LANGUAGE_STANDARD = gnu99;
				GCC_NO_COMMON_BLOCKS = YES;
				GCC_WARN_64_TO_32_BIT_CONVERSION = YES;
				GCC_WARN_ABOUT_RETURN_TYPE = YES_ERROR;
				GCC_WARN_UNDECLARED_SELECTOR = YES;
				GCC_WARN_UNINITIALIZED_AUTOS = YES_AGGRESSIVE;
				GCC_WARN_UNUSED_FUNCTION = YES;
				GCC_WARN_UNUSED_VARIABLE = YES;
				IPHONEOS_DEPLOYMENT_TARGET = 9.3;
				MTL_ENABLE_DEBUG_INFO = NO;
				SDKROOT = iphoneos;
				VALIDATE_PRODUCT = YES;
			};
			name = Release;
		};
		0183848A1D867A5200BAD87A /* Debug */ = {
			isa = XCBuildConfiguration;
			buildSettings = {
				ASSETCATALOG_COMPILER_APPICON_NAME = AppIcon;
				CODE_SIGN_IDENTITY = "iPhone Developer";
				"CODE_SIGN_IDENTITY[sdk=iphoneos*]" = "iPhone Developer";
				INFOPLIST_FILE = SpaceGame/Info.plist;
				LD_RUNPATH_SEARCH_PATHS = "$(inherited) @executable_path/Frameworks";
				PRODUCT_BUNDLE_IDENTIFIER = CondoSoft.SpaceGame;
				PRODUCT_NAME = "$(TARGET_NAME)";
				PROVISIONING_PROFILE = "";
			};
			name = Debug;
		};
		0183848B1D867A5200BAD87A /* Release */ = {
			isa = XCBuildConfiguration;
			buildSettings = {
				ASSETCATALOG_COMPILER_APPICON_NAME = AppIcon;
				CODE_SIGN_IDENTITY = "iPhone Developer";
				"CODE_SIGN_IDENTITY[sdk=iphoneos*]" = "iPhone Developer";
				INFOPLIST_FILE = SpaceGame/Info.plist;
				LD_RUNPATH_SEARCH_PATHS = "$(inherited) @executable_path/Frameworks";
				PRODUCT_BUNDLE_IDENTIFIER = CondoSoft.SpaceGame;
				PRODUCT_NAME = "$(TARGET_NAME)";
				PROVISIONING_PROFILE = "";
			};
			name = Release;
		};
		0183848D1D867A5200BAD87A /* Debug */ = {
			isa = XCBuildConfiguration;
			buildSettings = {
				BUNDLE_LOADER = "$(TEST_HOST)";
				DEBUG_INFORMATION_FORMAT = dwarf;
				INFOPLIST_FILE = SpaceGameTests/Info.plist;
				LD_RUNPATH_SEARCH_PATHS = "$(inherited) @executable_path/Frameworks @loader_path/Frameworks";
				PRODUCT_BUNDLE_IDENTIFIER = CondoSoft.SpaceGameTests;
				PRODUCT_NAME = "$(TARGET_NAME)";
				TEST_HOST = "$(BUILT_PRODUCTS_DIR)/SpaceGame.app/SpaceGame";
			};
			name = Debug;
		};
		0183848E1D867A5200BAD87A /* Release */ = {
			isa = XCBuildConfiguration;
			buildSettings = {
				BUNDLE_LOADER = "$(TEST_HOST)";
				INFOPLIST_FILE = SpaceGameTests/Info.plist;
				LD_RUNPATH_SEARCH_PATHS = "$(inherited) @executable_path/Frameworks @loader_path/Frameworks";
				PRODUCT_BUNDLE_IDENTIFIER = CondoSoft.SpaceGameTests;
				PRODUCT_NAME = "$(TARGET_NAME)";
				TEST_HOST = "$(BUILT_PRODUCTS_DIR)/SpaceGame.app/SpaceGame";
			};
			name = Release;
		};
		018384901D867A5200BAD87A /* Debug */ = {
			isa = XCBuildConfiguration;
			buildSettings = {
				DEBUG_INFORMATION_FORMAT = dwarf;
				INFOPLIST_FILE = SpaceGameUITests/Info.plist;
				LD_RUNPATH_SEARCH_PATHS = "$(inherited) @executable_path/Frameworks @loader_path/Frameworks";
				PRODUCT_BUNDLE_IDENTIFIER = CondoSoft.SpaceGameUITests;
				PRODUCT_NAME = "$(TARGET_NAME)";
				TEST_TARGET_NAME = SpaceGame;
			};
			name = Debug;
		};
		018384911D867A5200BAD87A /* Release */ = {
			isa = XCBuildConfiguration;
			buildSettings = {
				INFOPLIST_FILE = SpaceGameUITests/Info.plist;
				LD_RUNPATH_SEARCH_PATHS = "$(inherited) @executable_path/Frameworks @loader_path/Frameworks";
				PRODUCT_BUNDLE_IDENTIFIER = CondoSoft.SpaceGameUITests;
				PRODUCT_NAME = "$(TARGET_NAME)";
				TEST_TARGET_NAME = SpaceGame;
			};
			name = Release;
		};
/* End XCBuildConfiguration section */

/* Begin XCConfigurationList section */
		018384581D867A5200BAD87A /* Build configuration list for PBXProject "SpaceGame" */ = {
			isa = XCConfigurationList;
			buildConfigurations = (
				018384871D867A5200BAD87A /* Debug */,
				018384881D867A5200BAD87A /* Release */,
			);
			defaultConfigurationIsVisible = 0;
			defaultConfigurationName = Release;
		};
		018384891D867A5200BAD87A /* Build configuration list for PBXNativeTarget "SpaceGame" */ = {
			isa = XCConfigurationList;
			buildConfigurations = (
				0183848A1D867A5200BAD87A /* Debug */,
				0183848B1D867A5200BAD87A /* Release */,
			);
			defaultConfigurationIsVisible = 0;
			defaultConfigurationName = Release;
		};
		0183848C1D867A5200BAD87A /* Build configuration list for PBXNativeTarget "SpaceGameTests" */ = {
			isa = XCConfigurationList;
			buildConfigurations = (
				0183848D1D867A5200BAD87A /* Debug */,
				0183848E1D867A5200BAD87A /* Release */,
			);
			defaultConfigurationIsVisible = 0;
			defaultConfigurationName = Release;
		};
		0183848F1D867A5200BAD87A /* Build configuration list for PBXNativeTarget "SpaceGameUITests" */ = {
			isa = XCConfigurationList;
			buildConfigurations = (
				018384901D867A5200BAD87A /* Debug */,
				018384911D867A5200BAD87A /* Release */,
			);
			defaultConfigurationIsVisible = 0;
			defaultConfigurationName = Release;
		};
/* End XCConfigurationList section */
	};
	rootObject = 018384551D867A5200BAD87A /* Project object */;
}
